// !$*UTF8*$!
{
	archiveVersion = 1;
	classes = {
	};
	objectVersion = 46;
	objects = {

/* Begin PBXBuildFile section */
		D31976581C72DFE000D0B9EC /* main.m in Sources */ = {isa = PBXBuildFile; fileRef = D31976571C72DFE000D0B9EC /* main.m */; };
		D319765B1C72DFE000D0B9EC /* AppDelegate.m in Sources */ = {isa = PBXBuildFile; fileRef = D319765A1C72DFE000D0B9EC /* AppDelegate.m */; };
		D319765E1C72DFE000D0B9EC /* ViewController.m in Sources */ = {isa = PBXBuildFile; fileRef = D319765D1C72DFE000D0B9EC /* ViewController.m */; };
		D31976611C72DFE000D0B9EC /* Main.storyboard in Resources */ = {isa = PBXBuildFile; fileRef = D319765F1C72DFE000D0B9EC /* Main.storyboard */; };
		D31976631C72DFE000D0B9EC /* Assets.xcassets in Resources */ = {isa = PBXBuildFile; fileRef = D31976621C72DFE000D0B9EC /* Assets.xcassets */; };
		D31976661C72DFE000D0B9EC /* LaunchScreen.storyboard in Resources */ = {isa = PBXBuildFile; fileRef = D31976641C72DFE000D0B9EC /* LaunchScreen.storyboard */; };
		D319766F1C72EE8700D0B9EC /* XLQRCodeViewController.m in Sources */ = {isa = PBXBuildFile; fileRef = D319766E1C72EE8700D0B9EC /* XLQRCodeViewController.m */; };
/* End PBXBuildFile section */

/* Begin PBXFileReference section */
		D31976531C72DFE000D0B9EC /* XLQRCodeViewController.app */ = {isa = PBXFileReference; explicitFileType = wrapper.application; includeInIndex = 0; path = XLQRCodeViewController.app; sourceTree = BUILT_PRODUCTS_DIR; };
		D31976571C72DFE000D0B9EC /* main.m */ = {isa = PBXFileReference; lastKnownFileType = sourcecode.c.objc; path = main.m; sourceTree = "<group>"; };
		D31976591C72DFE000D0B9EC /* AppDelegate.h */ = {isa = PBXFileReference; lastKnownFileType = sourcecode.c.h; path = AppDelegate.h; sourceTree = "<group>"; };
		D319765A1C72DFE000D0B9EC /* AppDelegate.m */ = {isa = PBXFileReference; lastKnownFileType = sourcecode.c.objc; path = AppDelegate.m; sourceTree = "<group>"; };
		D319765C1C72DFE000D0B9EC /* ViewController.h */ = {isa = PBXFileReference; lastKnownFileType = sourcecode.c.h; path = ViewController.h; sourceTree = "<group>"; };
		D319765D1C72DFE000D0B9EC /* ViewController.m */ = {isa = PBXFileReference; lastKnownFileType = sourcecode.c.objc; path = ViewController.m; sourceTree = "<group>"; };
		D31976601C72DFE000D0B9EC /* Base */ = {isa = PBXFileReference; lastKnownFileType = file.storyboard; name = Base; path = Base.lproj/Main.storyboard; sourceTree = "<group>"; };
		D31976621C72DFE000D0B9EC /* Assets.xcassets */ = {isa = PBXFileReference; lastKnownFileType = folder.assetcatalog; path = Assets.xcassets; sourceTree = "<group>"; };
		D31976651C72DFE000D0B9EC /* Base */ = {isa = PBXFileReference; lastKnownFileType = file.storyboard; name = Base; path = Base.lproj/LaunchScreen.storyboard; sourceTree = "<group>"; };
		D31976671C72DFE000D0B9EC /* Info.plist */ = {isa = PBXFileReference; lastKnownFileType = text.plist.xml; path = Info.plist; sourceTree = "<group>"; };
		D319766D1C72EE8700D0B9EC /* XLQRCodeViewController.h */ = {isa = PBXFileReference; fileEncoding = 4; lastKnownFileType = sourcecode.c.h; path = XLQRCodeViewController.h; sourceTree = "<group>"; };
		D319766E1C72EE8700D0B9EC /* XLQRCodeViewController.m */ = {isa = PBXFileReference; fileEncoding = 4; lastKnownFileType = sourcecode.c.objc; path = XLQRCodeViewController.m; sourceTree = "<group>"; };
/* End PBXFileReference section */

/* Begin PBXFrameworksBuildPhase section */
		D31976501C72DFE000D0B9EC /* Frameworks */ = {
			isa = PBXFrameworksBuildPhase;
			buildActionMask = 2147483647;
			files = (
			);
			runOnlyForDeploymentPostprocessing = 0;
		};
/* End PBXFrameworksBuildPhase section */

/* Begin PBXGroup section */
		D319764A1C72DFE000D0B9EC = {
			isa = PBXGroup;
			children = (
				D31976551C72DFE000D0B9EC /* XLQRCodeViewController */,
				D31976541C72DFE000D0B9EC /* Products */,
			);
			sourceTree = "<group>";
		};
		D31976541C72DFE000D0B9EC /* Products */ = {
			isa = PBXGroup;
			children = (
				D31976531C72DFE000D0B9EC /* XLQRCodeViewController.app */,
			);
			name = Products;
			sourceTree = "<group>";
		};
		D31976551C72DFE000D0B9EC /* XLQRCodeViewController */ = {
			isa = PBXGroup;
			children = (
				D31976591C72DFE000D0B9EC /* AppDelegate.h */,
				D319765A1C72DFE000D0B9EC /* AppDelegate.m */,
				D319765C1C72DFE000D0B9EC /* ViewController.h */,
				D319765D1C72DFE000D0B9EC /* ViewController.m */,
				D319766D1C72EE8700D0B9EC /* XLQRCodeViewController.h */,
				D319766E1C72EE8700D0B9EC /* XLQRCodeViewController.m */,
				D319765F1C72DFE000D0B9EC /* Main.storyboard */,
				D31976621C72DFE000D0B9EC /* Assets.xcassets */,
				D31976641C72DFE000D0B9EC /* LaunchScreen.storyboard */,
				D31976671C72DFE000D0B9EC /* Info.plist */,
				D31976561C72DFE000D0B9EC /* Supporting Files */,
			);
			path = XLQRCodeViewController;
			sourceTree = "<group>";
		};
		D31976561C72DFE000D0B9EC /* Supporting Files */ = {
			isa = PBXGroup;
			children = (
				D31976571C72DFE000D0B9EC /* main.m */,
			);
			name = "Supporting Files";
			sourceTree = "<group>";
		};
/* End PBXGroup section */

/* Begin PBXNativeTarget section */
		D31976521C72DFE000D0B9EC /* XLQRCodeViewController */ = {
			isa = PBXNativeTarget;
			buildConfigurationList = D319766A1C72DFE000D0B9EC /* Build configuration list for PBXNativeTarget "XLQRCodeViewController" */;
			buildPhases = (
				D319764F1C72DFE000D0B9EC /* Sources */,
				D31976501C72DFE000D0B9EC /* Frameworks */,
				D31976511C72DFE000D0B9EC /* Resources */,
			);
			buildRules = (
			);
			dependencies = (
			);
			name = XLQRCodeViewController;
			productName = XLQRCodeViewController;
			productReference = D31976531C72DFE000D0B9EC /* XLQRCodeViewController.app */;
			productType = "com.apple.product-type.application";
		};
/* End PBXNativeTarget section */

/* Begin PBXProject section */
		D319764B1C72DFE000D0B9EC /* Project object */ = {
			isa = PBXProject;
			attributes = {
				LastUpgradeCheck = 0720;
				ORGANIZATIONNAME = "*";
				TargetAttributes = {
					D31976521C72DFE000D0B9EC = {
						CreatedOnToolsVersion = 7.2;
					};
				};
			};
			buildConfigurationList = D319764E1C72DFE000D0B9EC /* Build configuration list for PBXProject "XLQRCodeViewController" */;
			compatibilityVersion = "Xcode 3.2";
			developmentRegion = English;
			hasScannedForEncodings = 0;
			knownRegions = (
				en,
				Base,
			);
			mainGroup = D319764A1C72DFE000D0B9EC;
			productRefGroup = D31976541C72DFE000D0B9EC /* Products */;
			projectDirPath = "";
			projectRoot = "";
			targets = (
				D31976521C72DFE000D0B9EC /* XLQRCodeViewController */,
			);
		};
/* End PBXProject section */

/* Begin PBXResourcesBuildPhase section */
		D31976511C72DFE000D0B9EC /* Resources */ = {
			isa = PBXResourcesBuildPhase;
			buildActionMask = 2147483647;
			files = (
				D31976661C72DFE000D0B9EC /* LaunchScreen.storyboard in Resources */,
				D31976631C72DFE000D0B9EC /* Assets.xcassets in Resources */,
				D31976611C72DFE000D0B9EC /* Main.storyboard in Resources */,
			);
			runOnlyForDeploymentPostprocessing = 0;
		};
/* End PBXResourcesBuildPhase section */

/* Begin PBXSourcesBuildPhase section */
		D319764F1C72DFE000D0B9EC /* Sources */ = {
			isa = PBXSourcesBuildPhase;
			buildActionMask = 2147483647;
			files = (
				D319766F1C72EE8700D0B9EC /* XLQRCodeViewController.m in Sources */,
				D319765E1C72DFE000D0B9EC /* ViewController.m in Sources */,
				D319765B1C72DFE000D0B9EC /* AppDelegate.m in Sources */,
				D31976581C72DFE000D0B9EC /* main.m in Sources */,
			);
			runOnlyForDeploymentPostprocessing = 0;
		};
/* End PBXSourcesBuildPhase section */

/* Begin PBXVariantGroup section */
		D319765F1C72DFE000D0B9EC /* Main.storyboard */ = {
			isa = PBXVariantGroup;
			children = (
				D31976601C72DFE000D0B9EC /* Base */,
			);
			name = Main.storyboard;
			sourceTree = "<group>";
		};
		D31976641C72DFE000D0B9EC /* LaunchScreen.storyboard */ = {
			isa = PBXVariantGroup;
			children = (
				D31976651C72DFE000D0B9EC /* Base */,
			);
			name = LaunchScreen.storyboard;
			sourceTree = "<group>";
		};
/* End PBXVariantGroup section */

/* Begin XCBuildConfiguration section */
		D31976681C72DFE000D0B9EC /* Debug */ = {
			isa = XCBuildConfiguration;
			buildSettings = {
				ALWAYS_SEARCH_USER_PATHS = NO;
				CLANG_CXX_LANGUAGE_STANDARD = "gnu++0x";
				CLANG_CXX_LIBRARY = "libc++";
				CLANG_ENABLE_MODULES = YES;
				CLANG_ENABLE_OBJC_ARC = YES;
				CLANG_WARN_BOOL_CONVERSION = YES;
				CLANG_WARN_CONSTANT_CONVERSION = YES;
				CLANG_WARN_DIRECT_OBJC_ISA_USAGE = YES_ERROR;
				CLANG_WARN_EMPTY_BODY = YES;
				CLANG_WARN_ENUM_CONVERSION = YES;
				CLANG_WARN_INT_CONVERSION = YES;
				CLANG_WARN_OBJC_ROOT_CLASS = YES_ERROR;
				CLANG_WARN_UNREACHABLE_CODE = YES;
				CLANG_WARN__DUPLICATE_METHOD_MATCH = YES;
				"CODE_SIGN_IDENTITY[sdk=iphoneos*]" = "iPhone Developer";
				COPY_PHASE_STRIP = NO;
				DEBUG_INFORMATION_FORMAT = dwarf;
				ENABLE_STRICT_OBJC_MSGSEND = YES;
				ENABLE_TESTABILITY = YES;
				GCC_C_LANGUAGE_STANDARD = gnu99;
				GCC_DYNAMIC_NO_PIC = NO;
				GCC_NO_COMMON_BLOCKS = YES;
				GCC_OPTIMIZATION_LEVEL = 0;
				GCC_PREPROCESSOR_DEFINITIONS = (
					"DEBUG=1",
					"$(inherited)",
				);
				GCC_WARN_64_TO_32_BIT_CONVERSION = YES;
				GCC_WARN_ABOUT_RETURN_TYPE = YES_ERROR;
				GCC_WARN_UNDECLARED_SELECTOR = YES;
				GCC_WARN_UNINITIALIZED_AUTOS = YES_AGGRESSIVE;
				GCC_WARN_UNUSED_FUNCTION = YES;
				GCC_WARN_UNUSED_VARIABLE = YES;
				IPHONEOS_DEPLOYMENT_TARGET = 9.2;
				MTL_ENABLE_DEBUG_INFO = YES;
				ONLY_ACTIVE_ARCH = YES;
				SDKROOT = iphoneos;
			};
			name = Debug;
		};
		D31976691C72DFE000D0B9EC /* Release */ = {
			isa = XCBuildConfiguration;
			buildSettings = {
				ALWAYS_SEARCH_USER_PATHS = NO;
				CLANG_CXX_LANGUAGE_STANDARD = "gnu++0x";
				CLANG_CXX_LIBRARY = "libc++";
				CLANG_ENABLE_MODULES = YES;
				CLANG_ENABLE_OBJC_ARC = YES;
				CLANG_WARN_BOOL_CONVERSION = YES;
				CLANG_WARN_CONSTANT_CONVERSION = YES;
				CLANG_WARN_DIRECT_OBJC_ISA_USAGE = YES_ERROR;
				CLANG_WARN_EMPTY_BODY = YES;
				CLANG_WARN_ENUM_CONVERSION = YES;
				CLANG_WARN_INT_CONVERSION = YES;
				CLANG_WARN_OBJC_ROOT_CLASS = YES_ERROR;
				CLANG_WARN_UNREACHABLE_CODE = YES;
				CLANG_WARN__DUPLICATE_METHOD_MATCH = YES;
				"CODE_SIGN_IDENTITY[sdk=iphoneos*]" = "iPhone Developer";
				COPY_PHASE_STRIP = NO;
				DEBUG_INFORMATION_FORMAT = "dwarf-with-dsym";
				ENABLE_NS_ASSERTIONS = NO;
				ENABLE_STRICT_OBJC_MSGSEND = YES;
				GCC_C_LANGUAGE_STANDARD = gnu99;
				GCC_NO_COMMON_BLOCKS = YES;
				GCC_WARN_64_TO_32_BIT_CONVERSION = YES;
				GCC_WARN_ABOUT_RETURN_TYPE = YES_ERROR;
				GCC_WARN_UNDECLARED_SELECTOR = YES;
				GCC_WARN_UNINITIALIZED_AUTOS = YES_AGGRESSIVE;
				GCC_WARN_UNUSED_FUNCTION = YES;
				GCC_WARN_UNUSED_VARIABLE = YES;
				IPHONEOS_DEPLOYMENT_TARGET = 9.2;
				MTL_ENABLE_DEBUG_INFO = NO;
				SDKROOT = iphoneos;
				VALIDATE_PRODUCT = YES;
			};
			name = Release;
		};
		D319766B1C72DFE000D0B9EC /* Debug */ = {
			isa = XCBuildConfiguration;
			buildSettings = {
				ASSETCATALOG_COMPILER_APPICON_NAME = AppIcon;
				CODE_SIGN_IDENTITY = "iPhone Developer";
				INFOPLIST_FILE = XLQRCodeViewController/Info.plist;
				IPHONEOS_DEPLOYMENT_TARGET = 8.0;
				LD_RUNPATH_SEARCH_PATHS = "$(inherited) @executable_path/Frameworks";
				PRODUCT_BUNDLE_IDENTIFIER = "--.XLQRCodeViewController";
				PRODUCT_NAME = "$(TARGET_NAME)";
			};
			name = Debug;
		};
		D319766C1C72DFE000D0B9EC /* Release */ = {
			isa = XCBuildConfiguration;
			buildSettings = {
				ASSETCATALOG_COMPILER_APPICON_NAME = AppIcon;
				CODE_SIGN_IDENTITY = "iPhone Developer";
				INFOPLIST_FILE = XLQRCodeViewController/Info.plist;
				IPHONEOS_DEPLOYMENT_TARGET = 8.0;
				LD_RUNPATH_SEARCH_PATHS = "$(inherited) @executable_path/Frameworks";
				PRODUCT_BUNDLE_IDENTIFIER = "--.XLQRCodeViewController";
				PRODUCT_NAME = "$(TARGET_NAME)";
			};
			name = Release;
		};
/* End XCBuildConfiguration section */

/* Begin XCConfigurationList section */
		D319764E1C72DFE000D0B9EC /* Build configuration list for PBXProject "XLQRCodeViewController" */ = {
			isa = XCConfigurationList;
			buildConfigurations = (
				D31976681C72DFE000D0B9EC /* Debug */,
				D31976691C72DFE000D0B9EC /* Release */,
			);
			defaultConfigurationIsVisible = 0;
			defaultConfigurationName = Release;
		};
		D319766A1C72DFE000D0B9EC /* Build configuration list for PBXNativeTarget "XLQRCodeViewController" */ = {
			isa = XCConfigurationList;
			buildConfigurations = (
				D319766B1C72DFE000D0B9EC /* Debug */,
				D319766C1C72DFE000D0B9EC /* Release */,
			);
			defaultConfigurationIsVisible = 0;
			defaultConfigurationName = Release;
		};
/* End XCConfigurationList section */
	};
	rootObject = D319764B1C72DFE000D0B9EC /* Project object */;
}
